
Microsoft Visual Studio Solution File, Format Version 12.00
# Visual Studio 2012
Project("{FAE04EC0-301F-11D3-BF4B-00C04F79EFBC}") = "OSBExtract", "OSBExtract\OSBExtract.csproj", "{29661AD2-240C-4ECF-9373-09724E59B491}"
EndProject
Global
	GlobalSection(SolutionConfigurationPlatforms) = preSolution
		Debug|Any CPU = Debug|Any CPU
		Release|Any CPU = Release|Any CPU
	EndGlobalSection
	GlobalSection(ProjectConfigurationPlatforms) = postSolution
		{29661AD2-240C-4ECF-9373-09724E59B491}.Debug|Any CPU.ActiveCfg = Debug|Any CPU
		{29661AD2-240C-4ECF-9373-09724E59B491}.Debug|Any CPU.Build.0 = Debug|Any CPU
		{29661AD2-240C-4ECF-9373-09724E59B491}.Release|Any CPU.ActiveCfg = Release|Any CPU
		{29661AD2-240C-4ECF-9373-09724E59B491}.Release|Any CPU.Build.0 = Release|Any CPU
	EndGlobalSection
	GlobalSection(SolutionProperties) = preSolution
		HideSolutionNode = FALSE
	EndGlobalSection
EndGlobal
